
Microsoft Visual Studio Solution File, Format Version 12.00
Project("{FAE04EC0-301F-11D3-BF4B-00C04F79EFBC}") = "RCS.API", "RCS.API\RCS.API.csproj", "{D55F725D-5B8B-43C6-B179-8425ED3CC7BA}"
EndProject
Global
	GlobalSection(SolutionConfigurationPlatforms) = preSolution
		Debug|Any CPU = Debug|Any CPU
		Release|Any CPU = Release|Any CPU
	EndGlobalSection
	GlobalSection(ProjectConfigurationPlatforms) = postSolution
		{D55F725D-5B8B-43C6-B179-8425ED3CC7BA}.Debug|Any CPU.ActiveCfg = Debug|Any CPU
		{D55F725D-5B8B-43C6-B179-8425ED3CC7BA}.Debug|Any CPU.Build.0 = Debug|Any CPU
		{D55F725D-5B8B-43C6-B179-8425ED3CC7BA}.Release|Any CPU.ActiveCfg = Release|Any CPU
		{D55F725D-5B8B-43C6-B179-8425ED3CC7BA}.Release|Any CPU.Build.0 = Release|Any CPU
	EndGlobalSection
EndGlobal
